# This file is automatically @generated by Cargo.
# It is not intended for manual editing.
[[package]]
name = "ahash"
version = "0.3.8"
source = "registry+https://github.com/rust-lang/crates.io-index"

[[package]]
name = "arrayvec"
version = "0.5.2"
source = "registry+https://github.com/rust-lang/crates.io-index"

[[package]]
name = "atom"
version = "0.3.6"
source = "registry+https://github.com/rust-lang/crates.io-index"

[[package]]
name = "autocfg"
version = "1.0.1"
source = "registry+https://github.com/rust-lang/crates.io-index"

[[package]]
name = "bumpalo"
version = "3.4.0"
source = "registry+https://github.com/rust-lang/crates.io-index"

[[package]]
name = "cfg-if"
version = "0.1.10"
source = "registry+https://github.com/rust-lang/crates.io-index"

[[package]]
name = "cfg-if"
version = "1.0.0"
source = "registry+https://github.com/rust-lang/crates.io-index"

[[package]]
name = "const_fn"
version = "0.4.3"
source = "registry+https://github.com/rust-lang/crates.io-index"

[[package]]
name = "crossbeam-channel"
version = "0.5.0"
source = "registry+https://github.com/rust-lang/crates.io-index"
dependencies = [
 "cfg-if 1.0.0 (registry+https://github.com/rust-lang/crates.io-index)",
 "crossbeam-utils 0.8.1 (registry+https://github.com/rust-lang/crates.io-index)",
]

[[package]]
name = "crossbeam-deque"
version = "0.8.0"
source = "registry+https://github.com/rust-lang/crates.io-index"
dependencies = [
 "cfg-if 1.0.0 (registry+https://github.com/rust-lang/crates.io-index)",
 "crossbeam-epoch 0.9.1 (registry+https://github.com/rust-lang/crates.io-index)",
 "crossbeam-utils 0.8.1 (registry+https://github.com/rust-lang/crates.io-index)",
]

[[package]]
name = "crossbeam-epoch"
version = "0.9.1"
source = "registry+https://github.com/rust-lang/crates.io-index"
dependencies = [
 "cfg-if 1.0.0 (registry+https://github.com/rust-lang/crates.io-index)",
 "const_fn 0.4.3 (registry+https://github.com/rust-lang/crates.io-index)",
 "crossbeam-utils 0.8.1 (registry+https://github.com/rust-lang/crates.io-index)",
 "lazy_static 1.4.0 (registry+https://github.com/rust-lang/crates.io-index)",
 "memoffset 0.6.1 (registry+https://github.com/rust-lang/crates.io-index)",
 "scopeguard 1.1.0 (registry+https://github.com/rust-lang/crates.io-index)",
]

[[package]]
name = "crossbeam-queue"
version = "0.2.3"
source = "registry+https://github.com/rust-lang/crates.io-index"
dependencies = [
 "cfg-if 0.1.10 (registry+https://github.com/rust-lang/crates.io-index)",
 "crossbeam-utils 0.7.2 (registry+https://github.com/rust-lang/crates.io-index)",
 "maybe-uninit 2.0.0 (registry+https://github.com/rust-lang/crates.io-index)",
]

[[package]]
name = "crossbeam-utils"
version = "0.7.2"
source = "registry+https://github.com/rust-lang/crates.io-index"
dependencies = [
 "autocfg 1.0.1 (registry+https://github.com/rust-lang/crates.io-index)",
 "cfg-if 0.1.10 (registry+https://github.com/rust-lang/crates.io-index)",
 "lazy_static 1.4.0 (registry+https://github.com/rust-lang/crates.io-index)",
]

[[package]]
name = "crossbeam-utils"
version = "0.8.1"
source = "registry+https://github.com/rust-lang/crates.io-index"
dependencies = [
 "autocfg 1.0.1 (registry+https://github.com/rust-lang/crates.io-index)",
 "cfg-if 1.0.0 (registry+https://github.com/rust-lang/crates.io-index)",
 "lazy_static 1.4.0 (registry+https://github.com/rust-lang/crates.io-index)",
]

[[package]]
name = "either"
version = "1.6.1"
source = "registry+https://github.com/rust-lang/crates.io-index"

[[package]]
name = "hashbrown"
version = "0.7.2"
source = "registry+https://github.com/rust-lang/crates.io-index"
dependencies = [
 "ahash 0.3.8 (registry+https://github.com/rust-lang/crates.io-index)",
 "autocfg 1.0.1 (registry+https://github.com/rust-lang/crates.io-index)",
]

[[package]]
name = "hermit-abi"
version = "0.1.17"
source = "registry+https://github.com/rust-lang/crates.io-index"
dependencies = [
 "libc 0.2.80 (registry+https://github.com/rust-lang/crates.io-index)",
]

[[package]]
name = "hibitset"
version = "0.6.3"
source = "registry+https://github.com/rust-lang/crates.io-index"
dependencies = [
 "atom 0.3.6 (registry+https://github.com/rust-lang/crates.io-index)",
 "rayon 1.5.0 (registry+https://github.com/rust-lang/crates.io-index)",
]

[[package]]
name = "js-sys"
version = "0.3.46"
source = "registry+https://github.com/rust-lang/crates.io-index"
dependencies = [
 "wasm-bindgen 0.2.69 (registry+https://github.com/rust-lang/crates.io-index)",
]

[[package]]
name = "lazy_static"
version = "1.4.0"
source = "registry+https://github.com/rust-lang/crates.io-index"

[[package]]
name = "libc"
version = "0.2.80"
source = "registry+https://github.com/rust-lang/crates.io-index"

[[package]]
name = "log"
version = "0.4.11"
source = "registry+https://github.com/rust-lang/crates.io-index"
dependencies = [
 "cfg-if 0.1.10 (registry+https://github.com/rust-lang/crates.io-index)",
]

[[package]]
name = "maybe-uninit"
version = "2.0.0"
source = "registry+https://github.com/rust-lang/crates.io-index"

[[package]]
name = "memchr"
version = "2.3.4"
source = "registry+https://github.com/rust-lang/crates.io-index"

[[package]]
name = "memoffset"
version = "0.6.1"
source = "registry+https://github.com/rust-lang/crates.io-index"
dependencies = [
 "autocfg 1.0.1 (registry+https://github.com/rust-lang/crates.io-index)",
]

[[package]]
name = "mopa"
version = "0.2.2"
source = "registry+https://github.com/rust-lang/crates.io-index"

[[package]]
name = "nom"
version = "5.1.2"
source = "registry+https://github.com/rust-lang/crates.io-index"
dependencies = [
 "memchr 2.3.4 (registry+https://github.com/rust-lang/crates.io-index)",
 "version_check 0.9.2 (registry+https://github.com/rust-lang/crates.io-index)",
]

[[package]]
name = "num_cpus"
version = "1.13.0"
source = "registry+https://github.com/rust-lang/crates.io-index"
dependencies = [
 "hermit-abi 0.1.17 (registry+https://github.com/rust-lang/crates.io-index)",
 "libc 0.2.80 (registry+https://github.com/rust-lang/crates.io-index)",
]

[[package]]
name = "proc-macro2"
version = "1.0.24"
source = "registry+https://github.com/rust-lang/crates.io-index"
dependencies = [
 "unicode-xid 0.2.1 (registry+https://github.com/rust-lang/crates.io-index)",
]

[[package]]
name = "quote"
version = "1.0.7"
source = "registry+https://github.com/rust-lang/crates.io-index"
dependencies = [
 "proc-macro2 1.0.24 (registry+https://github.com/rust-lang/crates.io-index)",
]

[[package]]
name = "rayon"
version = "1.5.0"
source = "registry+https://github.com/rust-lang/crates.io-index"
dependencies = [
 "autocfg 1.0.1 (registry+https://github.com/rust-lang/crates.io-index)",
 "crossbeam-deque 0.8.0 (registry+https://github.com/rust-lang/crates.io-index)",
 "either 1.6.1 (registry+https://github.com/rust-lang/crates.io-index)",
 "rayon-core 1.9.0 (registry+https://github.com/rust-lang/crates.io-index)",
]

[[package]]
name = "rayon-core"
version = "1.9.0"
source = "registry+https://github.com/rust-lang/crates.io-index"
dependencies = [
 "crossbeam-channel 0.5.0 (registry+https://github.com/rust-lang/crates.io-index)",
 "crossbeam-deque 0.8.0 (registry+https://github.com/rust-lang/crates.io-index)",
 "crossbeam-utils 0.8.1 (registry+https://github.com/rust-lang/crates.io-index)",
 "lazy_static 1.4.0 (registry+https://github.com/rust-lang/crates.io-index)",
 "num_cpus 1.13.0 (registry+https://github.com/rust-lang/crates.io-index)",
]

[[package]]
name = "scopeguard"
version = "1.1.0"
source = "registry+https://github.com/rust-lang/crates.io-index"

[[package]]
name = "shred"
version = "0.10.2"
source = "registry+https://github.com/rust-lang/crates.io-index"
dependencies = [
 "arrayvec 0.5.2 (registry+https://github.com/rust-lang/crates.io-index)",
 "hashbrown 0.7.2 (registry+https://github.com/rust-lang/crates.io-index)",
 "mopa 0.2.2 (registry+https://github.com/rust-lang/crates.io-index)",
 "rayon 1.5.0 (registry+https://github.com/rust-lang/crates.io-index)",
 "smallvec 1.5.0 (registry+https://github.com/rust-lang/crates.io-index)",
 "tynm 0.1.6 (registry+https://github.com/rust-lang/crates.io-index)",
]

[[package]]
name = "shrev"
version = "1.1.1"
source = "registry+https://github.com/rust-lang/crates.io-index"

[[package]]
name = "smallvec"
version = "1.5.0"
source = "registry+https://github.com/rust-lang/crates.io-index"

[[package]]
name = "specs"
version = "0.16.1"
source = "registry+https://github.com/rust-lang/crates.io-index"
dependencies = [
 "crossbeam-queue 0.2.3 (registry+https://github.com/rust-lang/crates.io-index)",
 "hashbrown 0.7.2 (registry+https://github.com/rust-lang/crates.io-index)",
 "hibitset 0.6.3 (registry+https://github.com/rust-lang/crates.io-index)",
 "log 0.4.11 (registry+https://github.com/rust-lang/crates.io-index)",
 "rayon 1.5.0 (registry+https://github.com/rust-lang/crates.io-index)",
 "shred 0.10.2 (registry+https://github.com/rust-lang/crates.io-index)",
 "shrev 1.1.1 (registry+https://github.com/rust-lang/crates.io-index)",
 "specs-derive 0.4.1 (registry+https://github.com/rust-lang/crates.io-index)",
 "tuple_utils 0.3.0 (registry+https://github.com/rust-lang/crates.io-index)",
]

[[package]]
name = "specs-derive"
version = "0.4.1"
source = "registry+https://github.com/rust-lang/crates.io-index"
dependencies = [
 "proc-macro2 1.0.24 (registry+https://github.com/rust-lang/crates.io-index)",
 "quote 1.0.7 (registry+https://github.com/rust-lang/crates.io-index)",
 "syn 1.0.53 (registry+https://github.com/rust-lang/crates.io-index)",
]

[[package]]
name = "syn"
version = "1.0.53"
source = "registry+https://github.com/rust-lang/crates.io-index"
dependencies = [
 "proc-macro2 1.0.24 (registry+https://github.com/rust-lang/crates.io-index)",
 "quote 1.0.7 (registry+https://github.com/rust-lang/crates.io-index)",
 "unicode-xid 0.2.1 (registry+https://github.com/rust-lang/crates.io-index)",
]

[[package]]
name = "tuple_utils"
version = "0.3.0"
source = "registry+https://github.com/rust-lang/crates.io-index"

[[package]]
name = "tynm"
version = "0.1.6"
source = "registry+https://github.com/rust-lang/crates.io-index"
dependencies = [
 "nom 5.1.2 (registry+https://github.com/rust-lang/crates.io-index)",
]

[[package]]
name = "unicode-xid"
version = "0.2.1"
source = "registry+https://github.com/rust-lang/crates.io-index"

[[package]]
name = "version_check"
version = "0.9.2"
source = "registry+https://github.com/rust-lang/crates.io-index"

[[package]]
name = "wasm-bindgen"
version = "0.2.69"
source = "registry+https://github.com/rust-lang/crates.io-index"
dependencies = [
 "cfg-if 1.0.0 (registry+https://github.com/rust-lang/crates.io-index)",
 "wasm-bindgen-macro 0.2.69 (registry+https://github.com/rust-lang/crates.io-index)",
]

[[package]]
name = "wasm-bindgen-backend"
version = "0.2.69"
source = "registry+https://github.com/rust-lang/crates.io-index"
dependencies = [
 "bumpalo 3.4.0 (registry+https://github.com/rust-lang/crates.io-index)",
 "lazy_static 1.4.0 (registry+https://github.com/rust-lang/crates.io-index)",
 "log 0.4.11 (registry+https://github.com/rust-lang/crates.io-index)",
 "proc-macro2 1.0.24 (registry+https://github.com/rust-lang/crates.io-index)",
 "quote 1.0.7 (registry+https://github.com/rust-lang/crates.io-index)",
 "syn 1.0.53 (registry+https://github.com/rust-lang/crates.io-index)",
 "wasm-bindgen-shared 0.2.69 (registry+https://github.com/rust-lang/crates.io-index)",
]

[[package]]
name = "wasm-bindgen-macro"
version = "0.2.69"
source = "registry+https://github.com/rust-lang/crates.io-index"
dependencies = [
 "quote 1.0.7 (registry+https://github.com/rust-lang/crates.io-index)",
 "wasm-bindgen-macro-support 0.2.69 (registry+https://github.com/rust-lang/crates.io-index)",
]

[[package]]
name = "wasm-bindgen-macro-support"
version = "0.2.69"
source = "registry+https://github.com/rust-lang/crates.io-index"
dependencies = [
 "proc-macro2 1.0.24 (registry+https://github.com/rust-lang/crates.io-index)",
 "quote 1.0.7 (registry+https://github.com/rust-lang/crates.io-index)",
 "syn 1.0.53 (registry+https://github.com/rust-lang/crates.io-index)",
 "wasm-bindgen-backend 0.2.69 (registry+https://github.com/rust-lang/crates.io-index)",
 "wasm-bindgen-shared 0.2.69 (registry+https://github.com/rust-lang/crates.io-index)",
]

[[package]]
name = "wasm-bindgen-shared"
version = "0.2.69"
source = "registry+https://github.com/rust-lang/crates.io-index"

[[package]]
name = "wasm_specs"
version = "0.1.0"
dependencies = [
 "specs 0.16.1 (registry+https://github.com/rust-lang/crates.io-index)",
 "wasm-bindgen 0.2.69 (registry+https://github.com/rust-lang/crates.io-index)",
 "web-sys 0.3.46 (registry+https://github.com/rust-lang/crates.io-index)",
]

[[package]]
name = "web-sys"
version = "0.3.46"
source = "registry+https://github.com/rust-lang/crates.io-index"
dependencies = [
 "js-sys 0.3.46 (registry+https://github.com/rust-lang/crates.io-index)",
 "wasm-bindgen 0.2.69 (registry+https://github.com/rust-lang/crates.io-index)",
]

[metadata]
"checksum ahash 0.3.8 (registry+https://github.com/rust-lang/crates.io-index)" = "e8fd72866655d1904d6b0997d0b07ba561047d070fbe29de039031c641b61217"
"checksum arrayvec 0.5.2 (registry+https://github.com/rust-lang/crates.io-index)" = "23b62fc65de8e4e7f52534fb52b0f3ed04746ae267519eef2a83941e8085068b"
"checksum atom 0.3.6 (registry+https://github.com/rust-lang/crates.io-index)" = "c9ff149ed9780025acfdb36862d35b28856bb693ceb451259a7164442f22fdc3"
"checksum autocfg 1.0.1 (registry+https://github.com/rust-lang/crates.io-index)" = "cdb031dd78e28731d87d56cc8ffef4a8f36ca26c38fe2de700543e627f8a464a"
"checksum bumpalo 3.4.0 (registry+https://github.com/rust-lang/crates.io-index)" = "2e8c087f005730276d1096a652e92a8bacee2e2472bcc9715a74d2bec38b5820"
"checksum cfg-if 0.1.10 (registry+https://github.com/rust-lang/crates.io-index)" = "4785bdd1c96b2a846b2bd7cc02e86b6b3dbf14e7e53446c4f54c92a361040822"
"checksum cfg-if 1.0.0 (registry+https://github.com/rust-lang/crates.io-index)" = "baf1de4339761588bc0619e3cbc0120ee582ebb74b53b4efbf79117bd2da40fd"
"checksum const_fn 0.4.3 (registry+https://github.com/rust-lang/crates.io-index)" = "c478836e029dcef17fb47c89023448c64f781a046e0300e257ad8225ae59afab"
"checksum crossbeam-channel 0.5.0 (registry+https://github.com/rust-lang/crates.io-index)" = "dca26ee1f8d361640700bde38b2c37d8c22b3ce2d360e1fc1c74ea4b0aa7d775"
"checksum crossbeam-deque 0.8.0 (registry+https://github.com/rust-lang/crates.io-index)" = "94af6efb46fef72616855b036a624cf27ba656ffc9be1b9a3c931cfc7749a9a9"
"checksum crossbeam-epoch 0.9.1 (registry+https://github.com/rust-lang/crates.io-index)" = "a1aaa739f95311c2c7887a76863f500026092fb1dce0161dab577e559ef3569d"
"checksum crossbeam-queue 0.2.3 (registry+https://github.com/rust-lang/crates.io-index)" = "774ba60a54c213d409d5353bda12d49cd68d14e45036a285234c8d6f91f92570"
"checksum crossbeam-utils 0.7.2 (registry+https://github.com/rust-lang/crates.io-index)" = "c3c7c73a2d1e9fc0886a08b93e98eb643461230d5f1925e4036204d5f2e261a8"
"checksum crossbeam-utils 0.8.1 (registry+https://github.com/rust-lang/crates.io-index)" = "02d96d1e189ef58269ebe5b97953da3274d83a93af647c2ddd6f9dab28cedb8d"
"checksum either 1.6.1 (registry+https://github.com/rust-lang/crates.io-index)" = "e78d4f1cc4ae33bbfc157ed5d5a5ef3bc29227303d595861deb238fcec4e9457"
"checksum hashbrown 0.7.2 (registry+https://github.com/rust-lang/crates.io-index)" = "96282e96bfcd3da0d3aa9938bedf1e50df3269b6db08b4876d2da0bb1a0841cf"
"checksum hermit-abi 0.1.17 (registry+https://github.com/rust-lang/crates.io-index)" = "5aca5565f760fb5b220e499d72710ed156fdb74e631659e99377d9ebfbd13ae8"
"checksum hibitset 0.6.3 (registry+https://github.com/rust-lang/crates.io-index)" = "93a1bb8316a44459a7d14253c4d28dd7395cbd23cc04a68c46e851b8e46d64b1"
"checksum js-sys 0.3.46 (registry+https://github.com/rust-lang/crates.io-index)" = "cf3d7383929f7c9c7c2d0fa596f325832df98c3704f2c60553080f7127a58175"
"checksum lazy_static 1.4.0 (registry+https://github.com/rust-lang/crates.io-index)" = "e2abad23fbc42b3700f2f279844dc832adb2b2eb069b2df918f455c4e18cc646"
"checksum libc 0.2.80 (registry+https://github.com/rust-lang/crates.io-index)" = "4d58d1b70b004888f764dfbf6a26a3b0342a1632d33968e4a179d8011c760614"
"checksum log 0.4.11 (registry+https://github.com/rust-lang/crates.io-index)" = "4fabed175da42fed1fa0746b0ea71f412aa9d35e76e95e59b192c64b9dc2bf8b"
"checksum maybe-uninit 2.0.0 (registry+https://github.com/rust-lang/crates.io-index)" = "60302e4db3a61da70c0cb7991976248362f30319e88850c487b9b95bbf059e00"
"checksum memchr 2.3.4 (registry+https://github.com/rust-lang/crates.io-index)" = "0ee1c47aaa256ecabcaea351eae4a9b01ef39ed810004e298d2511ed284b1525"
"checksum memoffset 0.6.1 (registry+https://github.com/rust-lang/crates.io-index)" = "157b4208e3059a8f9e78d559edc658e13df41410cb3ae03979c83130067fdd87"
"checksum mopa 0.2.2 (registry+https://github.com/rust-lang/crates.io-index)" = "a785740271256c230f57462d3b83e52f998433a7062fc18f96d5999474a9f915"
"checksum nom 5.1.2 (registry+https://github.com/rust-lang/crates.io-index)" = "ffb4262d26ed83a1c0a33a38fe2bb15797329c85770da05e6b828ddb782627af"
"checksum num_cpus 1.13.0 (registry+https://github.com/rust-lang/crates.io-index)" = "05499f3756671c15885fee9034446956fff3f243d6077b91e5767df161f766b3"
"checksum proc-macro2 1.0.24 (registry+https://github.com/rust-lang/crates.io-index)" = "1e0704ee1a7e00d7bb417d0770ea303c1bccbabf0ef1667dae92b5967f5f8a71"
"checksum quote 1.0.7 (registry+https://github.com/rust-lang/crates.io-index)" = "aa563d17ecb180e500da1cfd2b028310ac758de548efdd203e18f283af693f37"
"checksum rayon 1.5.0 (registry+https://github.com/rust-lang/crates.io-index)" = "8b0d8e0819fadc20c74ea8373106ead0600e3a67ef1fe8da56e39b9ae7275674"
"checksum rayon-core 1.9.0 (registry+https://github.com/rust-lang/crates.io-index)" = "9ab346ac5921dc62ffa9f89b7a773907511cdfa5490c572ae9be1be33e8afa4a"
"checksum scopeguard 1.1.0 (registry+https://github.com/rust-lang/crates.io-index)" = "d29ab0c6d3fc0ee92fe66e2d99f700eab17a8d57d1c1d3b748380fb20baa78cd"
"checksum shred 0.10.2 (registry+https://github.com/rust-lang/crates.io-index)" = "c5f08237e667ac94ad20f8878b5943d91a93ccb231428446c57c21c57779016d"
"checksum shrev 1.1.1 (registry+https://github.com/rust-lang/crates.io-index)" = "b5752e017e03af9d735b4b069f53b7a7fd90fefafa04d8bd0c25581b0bff437f"
"checksum smallvec 1.5.0 (registry+https://github.com/rust-lang/crates.io-index)" = "7acad6f34eb9e8a259d3283d1e8c1d34d7415943d4895f65cc73813c7396fc85"
"checksum specs 0.16.1 (registry+https://github.com/rust-lang/crates.io-index)" = "fff28a29366aff703d5da8a7e2c8875dc8453ac1118f842cbc0fa70c7db51240"
"checksum specs-derive 0.4.1 (registry+https://github.com/rust-lang/crates.io-index)" = "3e23e09360f3d2190fec4222cd9e19d3158d5da948c0d1ea362df617dd103511"
"checksum syn 1.0.53 (registry+https://github.com/rust-lang/crates.io-index)" = "8833e20724c24de12bbaba5ad230ea61c3eafb05b881c7c9d3cfe8638b187e68"
"checksum tuple_utils 0.3.0 (registry+https://github.com/rust-lang/crates.io-index)" = "44834418e2c5b16f47bedf35c28e148db099187dd5feee6367fb2525863af4f1"
"checksum tynm 0.1.6 (registry+https://github.com/rust-lang/crates.io-index)" = "a4df2caa2dc9c3d1f7641ba981f4cd40ab229775aa7aeb834c9ab2850d50623d"
"checksum unicode-xid 0.2.1 (registry+https://github.com/rust-lang/crates.io-index)" = "f7fe0bb3479651439c9112f72b6c505038574c9fbb575ed1bf3b797fa39dd564"
"checksum version_check 0.9.2 (registry+https://github.com/rust-lang/crates.io-index)" = "b5a972e5669d67ba988ce3dc826706fb0a8b01471c088cb0b6110b805cc36aed"
"checksum wasm-bindgen 0.2.69 (registry+https://github.com/rust-lang/crates.io-index)" = "3cd364751395ca0f68cafb17666eee36b63077fb5ecd972bbcd74c90c4bf736e"
"checksum wasm-bindgen-backend 0.2.69 (registry+https://github.com/rust-lang/crates.io-index)" = "1114f89ab1f4106e5b55e688b828c0ab0ea593a1ea7c094b141b14cbaaec2d62"
"checksum wasm-bindgen-macro 0.2.69 (registry+https://github.com/rust-lang/crates.io-index)" = "7a6ac8995ead1f084a8dea1e65f194d0973800c7f571f6edd70adf06ecf77084"
"checksum wasm-bindgen-macro-support 0.2.69 (registry+https://github.com/rust-lang/crates.io-index)" = "b5a48c72f299d80557c7c62e37e7225369ecc0c963964059509fbafe917c7549"
"checksum wasm-bindgen-shared 0.2.69 (registry+https://github.com/rust-lang/crates.io-index)" = "7e7811dd7f9398f14cc76efd356f98f03aa30419dea46aa810d71e819fc97158"
"checksum web-sys 0.3.46 (registry+https://github.com/rust-lang/crates.io-index)" = "222b1ef9334f92a21d3fb53dc3fd80f30836959a90f9274a626d7e06315ba3c3"
